
Microsoft Visual Studio Solution File, Format Version 12.00
# Visual Studio Version 16
VisualStudioVersion = 16.0.30104.148
MinimumVisualStudioVersion = 10.0.40219.1
Project("{8BC9CEB8-8B4A-11D0-8D11-00A0C91BC942}") = "Project3", "Project3.vcxproj", "{75308447-B6EB-49CE-981D-6FCB2F175828}"
EndProject
Global
	GlobalSection(SolutionConfigurationPlatforms) = preSolution
		Debug|x64 = Debug|x64
		Debug|x86 = Debug|x86
		Release|x64 = Release|x64
		Release|x86 = Release|x86
	EndGlobalSection
	GlobalSection(ProjectConfigurationPlatforms) = postSolution
		{75308447-B6EB-49CE-981D-6FCB2F175828}.Debug|x64.ActiveCfg = Debug|x64
		{75308447-B6EB-49CE-981D-6FCB2F175828}.Debug|x64.Build.0 = Debug|x64
		{75308447-B6EB-49CE-981D-6FCB2F175828}.Debug|x86.ActiveCfg = Debug|Win32
		{75308447-B6EB-49CE-981D-6FCB2F175828}.Debug|x86.Build.0 = Debug|Win32
		{75308447-B6EB-49CE-981D-6FCB2F175828}.Release|x64.ActiveCfg = Release|x64
		{75308447-B6EB-49CE-981D-6FCB2F175828}.Release|x64.Build.0 = Release|x64
		{75308447-B6EB-49CE-981D-6FCB2F175828}.Release|x86.ActiveCfg = Release|Win32
		{75308447-B6EB-49CE-981D-6FCB2F175828}.Release|x86.Build.0 = Release|Win32
	EndGlobalSection
	GlobalSection(SolutionProperties) = preSolution
		HideSolutionNode = FALSE
	EndGlobalSection
	GlobalSection(ExtensibilityGlobals) = postSolution
		SolutionGuid = {E6F0F2A3-3620-464D-9644-44CE385E8EE3}
	EndGlobalSection
EndGlobal
